
Microsoft Visual Studio Solution File, Format Version 12.00
# Visual Studio Version 17
VisualStudioVersion = 17.4.33403.182
MinimumVisualStudioVersion = 10.0.40219.1
Project("{FAE04EC0-301F-11D3-BF4B-00C04F79EFBC}") = "WebAPI_Crud", "WebAPI_Crud\WebAPI_Crud.csproj", "{49B8AC69-E963-48C3-AFC4-639467D0191B}"
EndProject
Global
	GlobalSection(SolutionConfigurationPlatforms) = preSolution
		Debug|Any CPU = Debug|Any CPU
		Release|Any CPU = Release|Any CPU
	EndGlobalSection
	GlobalSection(ProjectConfigurationPlatforms) = postSolution
		{49B8AC69-E963-48C3-AFC4-639467D0191B}.Debug|Any CPU.ActiveCfg = Debug|Any CPU
		{49B8AC69-E963-48C3-AFC4-639467D0191B}.Debug|Any CPU.Build.0 = Debug|Any CPU
		{49B8AC69-E963-48C3-AFC4-639467D0191B}.Release|Any CPU.ActiveCfg = Release|Any CPU
		{49B8AC69-E963-48C3-AFC4-639467D0191B}.Release|Any CPU.Build.0 = Release|Any CPU
	EndGlobalSection
	GlobalSection(SolutionProperties) = preSolution
		HideSolutionNode = FALSE
	EndGlobalSection
	GlobalSection(ExtensibilityGlobals) = postSolution
		SolutionGuid = {01EFB131-6EED-45C9-928C-F297580D6EE1}
	EndGlobalSection
EndGlobal
